
Microsoft Visual Studio Solution File, Format Version 12.00
# Visual Studio Express 2013 for Windows Desktop
VisualStudioVersion = 12.0.31101.0
MinimumVisualStudioVersion = 10.0.40219.1
Project("{FAE04EC0-301F-11D3-BF4B-00C04F79EFBC}") = "fLocalAlarm", "fLocalAlarm\fLocalAlarm.csproj", "{47E88A90-6C7C-49F4-97EB-6E7269768DF5}"
EndProject
Project("{FAE04EC0-301F-11D3-BF4B-00C04F79EFBC}") = "EveLocalAlarm", "..\EveLocalAlarm\EveLocalAlarm\EveLocalAlarm.csproj", "{01AA5106-BB30-4C88-9D62-D62606FF3931}"
EndProject
Project("{2150E333-8FDC-42A3-9474-1A3956D46DE8}") = "Solution Items", "Solution Items", "{C824DF5A-8367-49CF-A40F-1FD591AA2429}"
	ProjectSection(SolutionItems) = preProject
		README.md = README.md
	EndProjectSection
EndProject
Global
	GlobalSection(SolutionConfigurationPlatforms) = preSolution
		Debug|Any CPU = Debug|Any CPU
		Release|Any CPU = Release|Any CPU
	EndGlobalSection
	GlobalSection(ProjectConfigurationPlatforms) = postSolution
		{47E88A90-6C7C-49F4-97EB-6E7269768DF5}.Debug|Any CPU.ActiveCfg = Debug|Any CPU
		{47E88A90-6C7C-49F4-97EB-6E7269768DF5}.Debug|Any CPU.Build.0 = Debug|Any CPU
		{47E88A90-6C7C-49F4-97EB-6E7269768DF5}.Release|Any CPU.ActiveCfg = Release|Any CPU
		{47E88A90-6C7C-49F4-97EB-6E7269768DF5}.Release|Any CPU.Build.0 = Release|Any CPU
		{01AA5106-BB30-4C88-9D62-D62606FF3931}.Debug|Any CPU.ActiveCfg = Debug|Any CPU
		{01AA5106-BB30-4C88-9D62-D62606FF3931}.Debug|Any CPU.Build.0 = Debug|Any CPU
		{01AA5106-BB30-4C88-9D62-D62606FF3931}.Release|Any CPU.ActiveCfg = Release|Any CPU
		{01AA5106-BB30-4C88-9D62-D62606FF3931}.Release|Any CPU.Build.0 = Release|Any CPU
	EndGlobalSection
	GlobalSection(SolutionProperties) = preSolution
		HideSolutionNode = FALSE
	EndGlobalSection
EndGlobal
